// !$*UTF8*$!
{
	archiveVersion = 1;
	classes = {
	};
	objectVersion = 46;
	objects = {

/* Begin PBXBuildFile section */
		E298CE0E1ED8664E009ABBBD /* libTruIDSDK.a in Frameworks */ = {isa = PBXBuildFile; fileRef = E298CE0D1ED8664E009ABBBD /* libTruIDSDK.a */; };
		E2990F531EC459CC0076C5A7 /* AppDelegate.swift in Sources */ = {isa = PBXBuildFile; fileRef = E2990F521EC459CC0076C5A7 /* AppDelegate.swift */; };
		E2990F551EC459CC0076C5A7 /* ViewController.swift in Sources */ = {isa = PBXBuildFile; fileRef = E2990F541EC459CC0076C5A7 /* ViewController.swift */; };
		E2990F581EC459CC0076C5A7 /* Main.storyboard in Resources */ = {isa = PBXBuildFile; fileRef = E2990F561EC459CC0076C5A7 /* Main.storyboard */; };
		E2990F5A1EC459CC0076C5A7 /* Assets.xcassets in Resources */ = {isa = PBXBuildFile; fileRef = E2990F591EC459CC0076C5A7 /* Assets.xcassets */; };
		E2990F5D1EC459CC0076C5A7 /* LaunchScreen.storyboard in Resources */ = {isa = PBXBuildFile; fileRef = E2990F5B1EC459CC0076C5A7 /* LaunchScreen.storyboard */; };
		E2990F651EC4964F0076C5A7 /* CreateProfileViewController.swift in Sources */ = {isa = PBXBuildFile; fileRef = E2990F641EC4964F0076C5A7 /* CreateProfileViewController.swift */; };
		E2990F671EC49AAC0076C5A7 /* CreateProfileWithSeedViewController.swift in Sources */ = {isa = PBXBuildFile; fileRef = E2990F661EC49AAC0076C5A7 /* CreateProfileWithSeedViewController.swift */; };
/* End PBXBuildFile section */

/* Begin PBXFileReference section */
		E20BD7EB1ECF34D200730D7D /* DSKPPDelegate.h */ = {isa = PBXFileReference; fileEncoding = 4; lastKnownFileType = sourcecode.c.h; path = DSKPPDelegate.h; sourceTree = "<group>"; };
		E20BD7EC1ECF34D200730D7D /* ObjC.h */ = {isa = PBXFileReference; fileEncoding = 4; lastKnownFileType = sourcecode.c.h; path = ObjC.h; sourceTree = "<group>"; };
		E20BD7ED1ECF34D200730D7D /* PartialInitializationException.h */ = {isa = PBXFileReference; fileEncoding = 4; lastKnownFileType = sourcecode.c.h; path = PartialInitializationException.h; sourceTree = "<group>"; };
		E20BD7EE1ECF34D200730D7D /* TSDKActivationRequest.h */ = {isa = PBXFileReference; fileEncoding = 4; lastKnownFileType = sourcecode.c.h; path = TSDKActivationRequest.h; sourceTree = "<group>"; };
		E20BD7EF1ECF34D200730D7D /* TSDKActivationRequestBuilder.h */ = {isa = PBXFileReference; fileEncoding = 4; lastKnownFileType = sourcecode.c.h; path = TSDKActivationRequestBuilder.h; sourceTree = "<group>"; };
		E20BD7F01ECF34D200730D7D /* TSDKCancellable.h */ = {isa = PBXFileReference; fileEncoding = 4; lastKnownFileType = sourcecode.c.h; path = TSDKCancellable.h; sourceTree = "<group>"; };
		E20BD7F11ECF34D200730D7D /* TSDKCancelToken.h */ = {isa = PBXFileReference; fileEncoding = 4; lastKnownFileType = sourcecode.c.h; path = TSDKCancelToken.h; sourceTree = "<group>"; };
		E20BD7F21ECF34D200730D7D /* TSDKDelegateDskpp.h */ = {isa = PBXFileReference; fileEncoding = 4; lastKnownFileType = sourcecode.c.h; path = TSDKDelegateDskpp.h; sourceTree = "<group>"; };
		E20BD7F31ECF34D200730D7D /* TSDKDSKPPImpl.h */ = {isa = PBXFileReference; fileEncoding = 4; lastKnownFileType = sourcecode.c.h; path = TSDKDSKPPImpl.h; sourceTree = "<group>"; };
		E20BD7F41ECF34D200730D7D /* TSDKProfile.h */ = {isa = PBXFileReference; fileEncoding = 4; lastKnownFileType = sourcecode.c.h; path = TSDKProfile.h; sourceTree = "<group>"; };
		E20BD7F51ECF34D200730D7D /* TSDKProfileManager.h */ = {isa = PBXFileReference; fileEncoding = 4; lastKnownFileType = sourcecode.c.h; path = TSDKProfileManager.h; sourceTree = "<group>"; };
		E20BD7F61ECF34D200730D7D /* TSDKProfileManagerImpl.h */ = {isa = PBXFileReference; fileEncoding = 4; lastKnownFileType = sourcecode.c.h; path = TSDKProfileManagerImpl.h; sourceTree = "<group>"; };
		E298CE0D1ED8664E009ABBBD /* libTruIDSDK.a */ = {isa = PBXFileReference; lastKnownFileType = archive.ar; path = libTruIDSDK.a; sourceTree = "<group>"; };
		E2990F4F1EC459CC0076C5A7 /* demoappfortruidsdk.app */ = {isa = PBXFileReference; explicitFileType = wrapper.application; includeInIndex = 0; path = demoappfortruidsdk.app; sourceTree = BUILT_PRODUCTS_DIR; };
		E2990F521EC459CC0076C5A7 /* AppDelegate.swift */ = {isa = PBXFileReference; lastKnownFileType = sourcecode.swift; path = AppDelegate.swift; sourceTree = "<group>"; };
		E2990F541EC459CC0076C5A7 /* ViewController.swift */ = {isa = PBXFileReference; lastKnownFileType = sourcecode.swift; path = ViewController.swift; sourceTree = "<group>"; };
		E2990F571EC459CC0076C5A7 /* Base */ = {isa = PBXFileReference; lastKnownFileType = file.storyboard; name = Base; path = Base.lproj/Main.storyboard; sourceTree = "<group>"; };
		E2990F591EC459CC0076C5A7 /* Assets.xcassets */ = {isa = PBXFileReference; lastKnownFileType = folder.assetcatalog; path = Assets.xcassets; sourceTree = "<group>"; };
		E2990F5C1EC459CC0076C5A7 /* Base */ = {isa = PBXFileReference; lastKnownFileType = file.storyboard; name = Base; path = Base.lproj/LaunchScreen.storyboard; sourceTree = "<group>"; };
		E2990F5E1EC459CC0076C5A7 /* Info.plist */ = {isa = PBXFileReference; lastKnownFileType = text.plist.xml; path = Info.plist; sourceTree = "<group>"; };
		E2990F641EC4964F0076C5A7 /* CreateProfileViewController.swift */ = {isa = PBXFileReference; fileEncoding = 4; lastKnownFileType = sourcecode.swift; path = CreateProfileViewController.swift; sourceTree = "<group>"; };
		E2990F661EC49AAC0076C5A7 /* CreateProfileWithSeedViewController.swift */ = {isa = PBXFileReference; fileEncoding = 4; lastKnownFileType = sourcecode.swift; path = CreateProfileWithSeedViewController.swift; sourceTree = "<group>"; };
		E2990F6D1EC5BE750076C5A7 /* demoappfortruidsdk-Bridging-Header.h */ = {isa = PBXFileReference; lastKnownFileType = sourcecode.c.h; path = "demoappfortruidsdk-Bridging-Header.h"; sourceTree = "<group>"; };
/* End PBXFileReference section */

/* Begin PBXFrameworksBuildPhase section */
		E2990F4C1EC459CC0076C5A7 /* Frameworks */ = {
			isa = PBXFrameworksBuildPhase;
			buildActionMask = 2147483647;
			files = (
				E298CE0E1ED8664E009ABBBD /* libTruIDSDK.a in Frameworks */,
			);
			runOnlyForDeploymentPostprocessing = 0;
		};
/* End PBXFrameworksBuildPhase section */

/* Begin PBXGroup section */
		E2990F461EC459CC0076C5A7 = {
			isa = PBXGroup;
			children = (
				E2990F511EC459CC0076C5A7 /* demoappfortruidsdk */,
				E2990F501EC459CC0076C5A7 /* Products */,
				E2990F6D1EC5BE750076C5A7 /* demoappfortruidsdk-Bridging-Header.h */,
			);
			sourceTree = "<group>";
		};
		E2990F501EC459CC0076C5A7 /* Products */ = {
			isa = PBXGroup;
			children = (
				E2990F4F1EC459CC0076C5A7 /* demoappfortruidsdk.app */,
			);
			name = Products;
			sourceTree = "<group>";
		};
		E2990F511EC459CC0076C5A7 /* demoappfortruidsdk */ = {
			isa = PBXGroup;
			children = (
				E2990F691EC5AED80076C5A7 /* libs */,
				E2990F681EC5AECA0076C5A7 /* headers */,
				E2990F521EC459CC0076C5A7 /* AppDelegate.swift */,
				E2990F541EC459CC0076C5A7 /* ViewController.swift */,
				E2990F561EC459CC0076C5A7 /* Main.storyboard */,
				E2990F591EC459CC0076C5A7 /* Assets.xcassets */,
				E2990F5B1EC459CC0076C5A7 /* LaunchScreen.storyboard */,
				E2990F5E1EC459CC0076C5A7 /* Info.plist */,
				E2990F641EC4964F0076C5A7 /* CreateProfileViewController.swift */,
				E2990F661EC49AAC0076C5A7 /* CreateProfileWithSeedViewController.swift */,
			);
			path = demoappfortruidsdk;
			sourceTree = "<group>";
		};
		E2990F681EC5AECA0076C5A7 /* headers */ = {
			isa = PBXGroup;
			children = (
				E20BD7EB1ECF34D200730D7D /* DSKPPDelegate.h */,
				E20BD7EC1ECF34D200730D7D /* ObjC.h */,
				E20BD7ED1ECF34D200730D7D /* PartialInitializationException.h */,
				E20BD7EE1ECF34D200730D7D /* TSDKActivationRequest.h */,
				E20BD7EF1ECF34D200730D7D /* TSDKActivationRequestBuilder.h */,
				E20BD7F01ECF34D200730D7D /* TSDKCancellable.h */,
				E20BD7F11ECF34D200730D7D /* TSDKCancelToken.h */,
				E20BD7F21ECF34D200730D7D /* TSDKDelegateDskpp.h */,
				E20BD7F31ECF34D200730D7D /* TSDKDSKPPImpl.h */,
				E20BD7F41ECF34D200730D7D /* TSDKProfile.h */,
				E20BD7F51ECF34D200730D7D /* TSDKProfileManager.h */,
				E20BD7F61ECF34D200730D7D /* TSDKProfileManagerImpl.h */,
			);
			name = headers;
			sourceTree = "<group>";
		};
		E2990F691EC5AED80076C5A7 /* libs */ = {
			isa = PBXGroup;
			children = (
				E298CE0D1ED8664E009ABBBD /* libTruIDSDK.a */,
			);
			name = libs;
			sourceTree = "<group>";
		};
/* End PBXGroup section */

/* Begin PBXNativeTarget section */
		E2990F4E1EC459CC0076C5A7 /* demoappfortruidsdk */ = {
			isa = PBXNativeTarget;
			buildConfigurationList = E2990F611EC459CC0076C5A7 /* Build configuration list for PBXNativeTarget "demoappfortruidsdk" */;
			buildPhases = (
				E2990F4B1EC459CC0076C5A7 /* Sources */,
				E2990F4C1EC459CC0076C5A7 /* Frameworks */,
				E2990F4D1EC459CC0076C5A7 /* Resources */,
			);
			buildRules = (
			);
			dependencies = (
			);
			name = demoappfortruidsdk;
			productName = demoappfortruidsdk;
			productReference = E2990F4F1EC459CC0076C5A7 /* demoappfortruidsdk.app */;
			productType = "com.apple.product-type.application";
		};
/* End PBXNativeTarget section */

/* Begin PBXProject section */
		E2990F471EC459CC0076C5A7 /* Project object */ = {
			isa = PBXProject;
			attributes = {
				LastSwiftUpdateCheck = 0830;
				LastUpgradeCheck = 0830;
				ORGANIZATIONNAME = nexusgroup;
				TargetAttributes = {
					E2990F4E1EC459CC0076C5A7 = {
						CreatedOnToolsVersion = 8.3.2;
						DevelopmentTeam = K955C3XPDN;
						LastSwiftMigration = 0830;
						ProvisioningStyle = Automatic;
					};
				};
			};
			buildConfigurationList = E2990F4A1EC459CC0076C5A7 /* Build configuration list for PBXProject "demoappfortruidsdk" */;
			compatibilityVersion = "Xcode 3.2";
			developmentRegion = English;
			hasScannedForEncodings = 0;
			knownRegions = (
				en,
				Base,
			);
			mainGroup = E2990F461EC459CC0076C5A7;
			productRefGroup = E2990F501EC459CC0076C5A7 /* Products */;
			projectDirPath = "";
			projectRoot = "";
			targets = (
				E2990F4E1EC459CC0076C5A7 /* demoappfortruidsdk */,
			);
		};
/* End PBXProject section */

/* Begin PBXResourcesBuildPhase section */
		E2990F4D1EC459CC0076C5A7 /* Resources */ = {
			isa = PBXResourcesBuildPhase;
			buildActionMask = 2147483647;
			files = (
				E2990F5D1EC459CC0076C5A7 /* LaunchScreen.storyboard in Resources */,
				E2990F5A1EC459CC0076C5A7 /* Assets.xcassets in Resources */,
				E2990F581EC459CC0076C5A7 /* Main.storyboard in Resources */,
			);
			runOnlyForDeploymentPostprocessing = 0;
		};
/* End PBXResourcesBuildPhase section */

/* Begin PBXSourcesBuildPhase section */
		E2990F4B1EC459CC0076C5A7 /* Sources */ = {
			isa = PBXSourcesBuildPhase;
			buildActionMask = 2147483647;
			files = (
				E2990F551EC459CC0076C5A7 /* ViewController.swift in Sources */,
				E2990F671EC49AAC0076C5A7 /* CreateProfileWithSeedViewController.swift in Sources */,
				E2990F531EC459CC0076C5A7 /* AppDelegate.swift in Sources */,
				E2990F651EC4964F0076C5A7 /* CreateProfileViewController.swift in Sources */,
			);
			runOnlyForDeploymentPostprocessing = 0;
		};
/* End PBXSourcesBuildPhase section */

/* Begin PBXVariantGroup section */
		E2990F561EC459CC0076C5A7 /* Main.storyboard */ = {
			isa = PBXVariantGroup;
			children = (
				E2990F571EC459CC0076C5A7 /* Base */,
			);
			name = Main.storyboard;
			sourceTree = "<group>";
		};
		E2990F5B1EC459CC0076C5A7 /* LaunchScreen.storyboard */ = {
			isa = PBXVariantGroup;
			children = (
				E2990F5C1EC459CC0076C5A7 /* Base */,
			);
			name = LaunchScreen.storyboard;
			sourceTree = "<group>";
		};
/* End PBXVariantGroup section */

/* Begin XCBuildConfiguration section */
		E2990F5F1EC459CC0076C5A7 /* Debug */ = {
			isa = XCBuildConfiguration;
			buildSettings = {
				ALWAYS_SEARCH_USER_PATHS = NO;
				CLANG_ANALYZER_NONNULL = YES;
				CLANG_ANALYZER_NUMBER_OBJECT_CONVERSION = YES_AGGRESSIVE;
				CLANG_CXX_LANGUAGE_STANDARD = "gnu++0x";
				CLANG_CXX_LIBRARY = "libc++";
				CLANG_ENABLE_MODULES = YES;
				CLANG_ENABLE_OBJC_ARC = YES;
				CLANG_WARN_BOOL_CONVERSION = YES;
				CLANG_WARN_CONSTANT_CONVERSION = YES;
				CLANG_WARN_DIRECT_OBJC_ISA_USAGE = YES_ERROR;
				CLANG_WARN_DOCUMENTATION_COMMENTS = YES;
				CLANG_WARN_EMPTY_BODY = YES;
				CLANG_WARN_ENUM_CONVERSION = YES;
				CLANG_WARN_INFINITE_RECURSION = YES;
				CLANG_WARN_INT_CONVERSION = YES;
				CLANG_WARN_OBJC_ROOT_CLASS = YES_ERROR;
				CLANG_WARN_SUSPICIOUS_MOVE = YES;
				CLANG_WARN_UNREACHABLE_CODE = YES;
				CLANG_WARN__DUPLICATE_METHOD_MATCH = YES;
				"CODE_SIGN_IDENTITY[sdk=iphoneos*]" = "iPhone Developer";
				COPY_PHASE_STRIP = NO;
				DEBUG_INFORMATION_FORMAT = dwarf;
				ENABLE_STRICT_OBJC_MSGSEND = YES;
				ENABLE_TESTABILITY = YES;
				GCC_C_LANGUAGE_STANDARD = gnu99;
				GCC_DYNAMIC_NO_PIC = NO;
				GCC_NO_COMMON_BLOCKS = YES;
				GCC_OPTIMIZATION_LEVEL = 0;
				GCC_PREPROCESSOR_DEFINITIONS = (
					"DEBUG=1",
					"$(inherited)",
				);
				GCC_WARN_64_TO_32_BIT_CONVERSION = YES;
				GCC_WARN_ABOUT_RETURN_TYPE = YES_ERROR;
				GCC_WARN_UNDECLARED_SELECTOR = YES;
				GCC_WARN_UNINITIALIZED_AUTOS = YES_AGGRESSIVE;
				GCC_WARN_UNUSED_FUNCTION = YES;
				GCC_WARN_UNUSED_VARIABLE = YES;
				IPHONEOS_DEPLOYMENT_TARGET = 10.3;
				MTL_ENABLE_DEBUG_INFO = YES;
				ONLY_ACTIVE_ARCH = YES;
				SDKROOT = iphoneos;
				SWIFT_ACTIVE_COMPILATION_CONDITIONS = DEBUG;
				SWIFT_OPTIMIZATION_LEVEL = "-Onone";
				TARGETED_DEVICE_FAMILY = "1,2";
			};
			name = Debug;
		};
		E2990F601EC459CC0076C5A7 /* Release */ = {
			isa = XCBuildConfiguration;
			buildSettings = {
				ALWAYS_SEARCH_USER_PATHS = NO;
				CLANG_ANALYZER_NONNULL = YES;
				CLANG_ANALYZER_NUMBER_OBJECT_CONVERSION = YES_AGGRESSIVE;
				CLANG_CXX_LANGUAGE_STANDARD = "gnu++0x";
				CLANG_CXX_LIBRARY = "libc++";
				CLANG_ENABLE_MODULES = YES;
				CLANG_ENABLE_OBJC_ARC = YES;
				CLANG_WARN_BOOL_CONVERSION = YES;
				CLANG_WARN_CONSTANT_CONVERSION = YES;
				CLANG_WARN_DIRECT_OBJC_ISA_USAGE = YES_ERROR;
				CLANG_WARN_DOCUMENTATION_COMMENTS = YES;
				CLANG_WARN_EMPTY_BODY = YES;
				CLANG_WARN_ENUM_CONVERSION = YES;
				CLANG_WARN_INFINITE_RECURSION = YES;
				CLANG_WARN_INT_CONVERSION = YES;
				CLANG_WARN_OBJC_ROOT_CLASS = YES_ERROR;
				CLANG_WARN_SUSPICIOUS_MOVE = YES;
				CLANG_WARN_UNREACHABLE_CODE = YES;
				CLANG_WARN__DUPLICATE_METHOD_MATCH = YES;
				"CODE_SIGN_IDENTITY[sdk=iphoneos*]" = "iPhone Developer";
				COPY_PHASE_STRIP = NO;
				DEBUG_INFORMATION_FORMAT = "dwarf-with-dsym";
				ENABLE_NS_ASSERTIONS = NO;
				ENABLE_STRICT_OBJC_MSGSEND = YES;
				GCC_C_LANGUAGE_STANDARD = gnu99;
				GCC_NO_COMMON_BLOCKS = YES;
				GCC_WARN_64_TO_32_BIT_CONVERSION = YES;
				GCC_WARN_ABOUT_RETURN_TYPE = YES_ERROR;
				GCC_WARN_UNDECLARED_SELECTOR = YES;
				GCC_WARN_UNINITIALIZED_AUTOS = YES_AGGRESSIVE;
				GCC_WARN_UNUSED_FUNCTION = YES;
				GCC_WARN_UNUSED_VARIABLE = YES;
				IPHONEOS_DEPLOYMENT_TARGET = 10.3;
				MTL_ENABLE_DEBUG_INFO = NO;
				SDKROOT = iphoneos;
				SWIFT_OPTIMIZATION_LEVEL = "-Owholemodule";
				TARGETED_DEVICE_FAMILY = "1,2";
				VALIDATE_PRODUCT = YES;
			};
			name = Release;
		};
		E2990F621EC459CC0076C5A7 /* Debug */ = {
			isa = XCBuildConfiguration;
			buildSettings = {
				ARCHS = "$(ARCHS_STANDARD)";
				ASSETCATALOG_COMPILER_APPICON_NAME = AppIcon;
				CLANG_ENABLE_MODULES = YES;
				DEVELOPMENT_TEAM = K955C3XPDN;
				INFOPLIST_FILE = demoappfortruidsdk/Info.plist;
				IPHONEOS_DEPLOYMENT_TARGET = 9.2;
				LD_RUNPATH_SEARCH_PATHS = "$(inherited) @executable_path/Frameworks";
				LIBRARY_SEARCH_PATHS = (
					"$(inherited)",
					"$(PROJECT_DIR)/demoappfortruidsdk",
				);
				ONLY_ACTIVE_ARCH = NO;
				PRODUCT_BUNDLE_IDENTIFIER = com.nexusgroup.demoappfortruidsdk;
				PRODUCT_NAME = "$(TARGET_NAME)";
				SWIFT_OBJC_BRIDGING_HEADER = "demoappfortruidsdk-Bridging-Header.h";
				SWIFT_OPTIMIZATION_LEVEL = "-Onone";
				SWIFT_VERSION = 3.0;
				VALID_ARCHS = "armv7 arm64";
			};
			name = Debug;
		};
		E2990F631EC459CC0076C5A7 /* Release */ = {
			isa = XCBuildConfiguration;
			buildSettings = {
				ARCHS = "$(ARCHS_STANDARD)";
				ASSETCATALOG_COMPILER_APPICON_NAME = AppIcon;
				CLANG_ENABLE_MODULES = YES;
				DEVELOPMENT_TEAM = K955C3XPDN;
				INFOPLIST_FILE = demoappfortruidsdk/Info.plist;
				IPHONEOS_DEPLOYMENT_TARGET = 9.2;
				LD_RUNPATH_SEARCH_PATHS = "$(inherited) @executable_path/Frameworks";
				LIBRARY_SEARCH_PATHS = (
					"$(inherited)",
					"$(PROJECT_DIR)/demoappfortruidsdk",
				);
				ONLY_ACTIVE_ARCH = NO;
				PRODUCT_BUNDLE_IDENTIFIER = com.nexusgroup.demoappfortruidsdk;
				PRODUCT_NAME = "$(TARGET_NAME)";
				SWIFT_OBJC_BRIDGING_HEADER = "demoappfortruidsdk-Bridging-Header.h";
				SWIFT_VERSION = 3.0;
				VALID_ARCHS = "armv7 arm64";
			};
			name = Release;
		};
/* End XCBuildConfiguration section */

/* Begin XCConfigurationList section */
		E2990F4A1EC459CC0076C5A7 /* Build configuration list for PBXProject "demoappfortruidsdk" */ = {
			isa = XCConfigurationList;
			buildConfigurations = (
				E2990F5F1EC459CC0076C5A7 /* Debug */,
				E2990F601EC459CC0076C5A7 /* Release */,
			);
			defaultConfigurationIsVisible = 0;
			defaultConfigurationName = Release;
		};
		E2990F611EC459CC0076C5A7 /* Build configuration list for PBXNativeTarget "demoappfortruidsdk" */ = {
			isa = XCConfigurationList;
			buildConfigurations = (
				E2990F621EC459CC0076C5A7 /* Debug */,
				E2990F631EC459CC0076C5A7 /* Release */,
			);
			defaultConfigurationIsVisible = 0;
			defaultConfigurationName = Release;
		};
/* End XCConfigurationList section */
	};
	rootObject = E2990F471EC459CC0076C5A7 /* Project object */;
}
